{
    "_meta": {
        "hash": {
            "sha256": "67cfc76b9a601e81eb36f0ceefc02a495c5a51b08a806d7e0c817655c34f59fa"
        },
        "pipfile-spec": 6,
        "requires": {
            "python_full_version": "3.8.13"
        },
        "sources": [
            {
                "name": "pypi",
                "url": "https://pypi.org/simple",
                "verify_ssl": true
            }
        ]
    },
    "default": {
        "asttokens": {
            "hashes": [
                "sha256:0dcd8baa8d62b0c1d118b399b2ddba3c4aff271d0d7a9e0d4c1681c79035bbc7",
                "sha256:e3078351a059199dd5138cb1c706e6430c05eff2ff136af5eb4790f9d28932e2"
            ],
            "markers": "python_version >= '3.8'",
            "version": "==3.0.0"
        },
        "decorator": {
            "hashes": [
                "sha256:65f266143752f734b0a7cc83c46f4618af75b8c5911b00ccb61d0ac9b6da0360",
                "sha256:d316bb415a2d9e2d2b3abcc4084c6502fc09240e292cd76a76afc106a1c8e04a"
            ],
            "markers": "python_version >= '3.7'",
            "version": "==5.2.1"
        },
        "executing": {
            "hashes": [
                "sha256:11387150cad388d62750327a53d3339fad4888b39a6fe233c3afbb54ecffd3aa",
                "sha256:5d108c028108fe2551d1a7b2e8b713341e2cb4fc0aa7dcf966fa4327a5226755"
            ],
            "markers": "python_version >= '3.8'",
            "version": "==2.2.0"
        },
        "greenlet": {
            "hashes": [
                "sha256:00cd814b8959b95a546e47e8d589610534cfb71f19802ea8a2ad99d95d702057",
                "sha256:02a98600899ca1ca5d3a2590974c9e3ec259503b2d6ba6527605fcd74e08e207",
                "sha256:02f5972ff02c9cf615357c17ab713737cccfd0eaf69b951084a9fd43f39833d3",
                "sha256:055916fafad3e3388d27dd68517478933a97edc2fc54ae79d3bec827de2c64c4",
                "sha256:0a16fb934fcabfdfacf21d79e6fed81809d8cd97bc1be9d9c89f0e4567143d7b",
                "sha256:1592a615b598643dbfd566bac8467f06c8c8ab6e56f069e573832ed1d5d528cc",
                "sha256:1919cbdc1c53ef739c94cf2985056bcc0838c1f217b57647cbf4578576c63825",
                "sha256:1e4747712c4365ef6765708f948acc9c10350719ca0545e362c24ab973017370",
                "sha256:1e76106b6fc55fa3d6fe1c527f95ee65e324a13b62e243f77b48317346559708",
                "sha256:1f72667cc341c95184f1c68f957cb2d4fc31eef81646e8e59358a10ce6689457",
                "sha256:2593283bf81ca37d27d110956b79e8723f9aa50c4bcdc29d3c0543d4743d2763",
                "sha256:2dc5c43bb65ec3669452af0ab10729e8fdc17f87a1f2ad7ec65d4aaaefabf6bf",
                "sha256:3091bc45e6b0c73f225374fefa1536cd91b1e987377b12ef5b19129b07d93ebe",
                "sha256:354f67445f5bed6604e493a06a9a49ad65675d3d03477d38a4db4a427e9aad0e",
                "sha256:3885f85b61798f4192d544aac7b25a04ece5fe2704670b4ab73c2d2c14ab740d",
                "sha256:3ab7194ee290302ca15449f601036007873028712e92ca15fc76597a0aeb4c59",
                "sha256:3aeca9848d08ce5eb653cf16e15bb25beeab36e53eb71cc32569f5f3afb2a3aa",
                "sha256:44671c29da26539a5f142257eaba5110f71887c24d40df3ac87f1117df589e0e",
                "sha256:45f9f4853fb4cc46783085261c9ec4706628f3b57de3e68bae03e8f8b3c0de51",
                "sha256:4bd139e4943547ce3a56ef4b8b1b9479f9e40bb47e72cc906f0f66b9d0d5cab3",
                "sha256:4fefc7aa68b34b9224490dfda2e70ccf2131368493add64b4ef2d372955c207e",
                "sha256:6629311595e3fe7304039c67f00d145cd1d38cf723bb5b99cc987b23c1433d61",
                "sha256:6fadd183186db360b61cb34e81117a096bff91c072929cd1b529eb20dd46e6c5",
                "sha256:71566302219b17ca354eb274dfd29b8da3c268e41b646f330e324e3967546a74",
                "sha256:7409796591d879425997a518138889d8d17e63ada7c99edc0d7a1c22007d4907",
                "sha256:752f0e79785e11180ebd2e726c8a88109ded3e2301d40abced2543aa5d164275",
                "sha256:7791dcb496ec53d60c7f1c78eaa156c21f402dda38542a00afc3e20cae0f480f",
                "sha256:782743700ab75716650b5238a4759f840bb2dcf7bff56917e9ffdf9f1f23ec59",
                "sha256:7c9896249fbef2c615853b890ee854f22c671560226c9221cfd27c995db97e5c",
                "sha256:85f3e248507125bf4af607a26fd6cb8578776197bd4b66e35229cdf5acf1dfbf",
                "sha256:89c69e9a10670eb7a66b8cef6354c24671ba241f46152dd3eed447f79c29fb5b",
                "sha256:8cb8553ee954536500d88a1a2f58fcb867e45125e600e80f586ade399b3f8819",
                "sha256:9ae572c996ae4b5e122331e12bbb971ea49c08cc7c232d1bd43150800a2d6c65",
                "sha256:9c7b15fb9b88d9ee07e076f5a683027bc3befd5bb5d25954bb633c385d8b737e",
                "sha256:9ea5231428af34226c05f927e16fc7f6fa5e39e3ad3cd24ffa48ba53a47f4240",
                "sha256:a31ead8411a027c2c4759113cf2bd473690517494f3d6e4bf67064589afcd3c5",
                "sha256:a8fa80665b1a29faf76800173ff5325095f3e66a78e62999929809907aca5659",
                "sha256:ad053d34421a2debba45aa3cc39acf454acbcd025b3fc1a9f8a0dee237abd485",
                "sha256:b24c7844c0a0afc3ccbeb0b807adeefb7eff2b5599229ecedddcfeb0ef333bec",
                "sha256:b50a8c5c162469c3209e5ec92ee4f95c8231b11db6a04db09bbe338176723bb8",
                "sha256:ba30e88607fb6990544d84caf3c706c4b48f629e18853fc6a646f82db9629418",
                "sha256:bf3fc9145141250907730886b031681dfcc0de1c158f3cc51c092223c0f381ce",
                "sha256:c23ea227847c9dbe0b3910f5c0dd95658b607137614eb821e6cbaecd60d81cc6",
                "sha256:c3cc1a3ed00ecfea8932477f729a9f616ad7347a5e55d50929efa50a86cb7be7",
                "sha256:c49e9f7c6f625507ed83a7485366b46cbe325717c60837f7244fc99ba16ba9d6",
                "sha256:d0cb7d47199001de7658c213419358aa8937df767936506db0db7ce1a71f4a2f",
                "sha256:d8009ae46259e31bc73dc183e402f548e980c96f33a6ef58cc2e7865db012e13",
                "sha256:da956d534a6d1b9841f95ad0f18ace637668f680b1339ca4dcfb2c1837880a0b",
                "sha256:dcb9cebbf3f62cb1e5afacae90761ccce0effb3adaa32339a0670fe7805d8068",
                "sha256:decb0658ec19e5c1f519faa9a160c0fc85a41a7e6654b3ce1b44b939f8bf1325",
                "sha256:df4d1509efd4977e6a844ac96d8be0b9e5aa5d5c77aa27ca9f4d3f92d3fcf330",
                "sha256:eeb27bece45c0c2a5842ac4c5a1b5c2ceaefe5711078eed4e8043159fa05c834",
                "sha256:efcdfb9df109e8a3b475c016f60438fcd4be68cd13a365d42b35914cdab4bb2b",
                "sha256:fd9fb7c941280e2c837b603850efc93c999ae58aae2b40765ed682a6907ebbc5",
                "sha256:fe46d4f8e94e637634d54477b0cfabcf93c53f29eedcbdeecaf2af32029b4421"
            ],
            "markers": "python_version >= '3' and platform_machine == 'aarch64' or (platform_machine == 'ppc64le' or (platform_machine == 'x86_64' or (platform_machine == 'amd64' or (platform_machine == 'AMD64' or (platform_machine == 'win32' or platform_machine == 'WIN32')))))",
            "version": "==3.2.2"
        },
        "importlib-metadata": {
            "hashes": [
                "sha256:7efb448ec9a5e313a57655d35aa54cd3e01b7e1fbcf72dce1bf06119420f5bad",
                "sha256:e354bedeb60efa6affdcc8ae121b73544a7aa74156d047311948f6d711cd378d"
            ],
            "index": "pypi",
            "markers": "python_version >= '3.7'",
            "version": "==6.0.0"
        },
        "importlib-resources": {
            "hashes": [
                "sha256:c01b1b94210d9849f286b86bb51bcea7cd56dde0600d8db721d7b81330711668",
                "sha256:ee17ec648f85480d523596ce49eae8ead87d5631ae1551f913c0100b5edd3437"
            ],
            "index": "pypi",
            "markers": "python_version >= '3.7'",
            "version": "==5.10.0"
        },
        "ipdb": {
            "hashes": [
                "sha256:951bd9a64731c444fd907a5ce268543020086a697f6be08f7cc2c9a752a278c5"
            ],
            "index": "pypi",
            "markers": "python_version >= '2.7'",
            "version": "==0.13.9"
        },
        "ipython": {
            "hashes": [
                "sha256:62a9373dbc12f28f9feaf4700d052195bf89806279fc8ca11f3f54017d04751b",
                "sha256:fef5e33c4a1ae0759e0bba5917c9db4eb8c53fee917b6a526bd973e1ca5159f6"
            ],
            "markers": "python_version >= '3.7'",
            "version": "==9.2.0"
        },
        "ipython-pygments-lexers": {
            "hashes": [
                "sha256:09c0138009e56b6854f9535736f4171d855c8c08a563a0dcd8022f78355c7e81",
                "sha256:a9462224a505ade19a605f71f8fa63c2048833ce50abc86768a0d81d876dc81c"
            ],
            "markers": "python_version >= '3.8'",
            "version": "==1.1.1"
        },
        "jedi": {
            "hashes": [
                "sha256:4770dc3de41bde3966b02eb84fbcf557fb33cce26ad23da12c742fb50ecb11f0",
                "sha256:a8ef22bde8490f57fe5c7681a3c83cb58874daf72b4784de3cce5b6ef6edb5b9"
            ],
            "markers": "python_version >= '3.6'",
            "version": "==0.19.2"
        },
        "matplotlib-inline": {
            "hashes": [
                "sha256:8423b23ec666be3d16e16b60bdd8ac4e86e840ebd1dd11a30b9f117f2fa0ab90",
                "sha256:df192d39a4ff8f21b1895d72e6a13f5fcc5099f00fa84384e0ea28c2cc0653ca"
            ],
            "markers": "python_version >= '3.8'",
            "version": "==0.1.7"
        },
        "parso": {
            "hashes": [
                "sha256:a418670a20291dacd2dddc80c377c5c3791378ee1e8d12bffc35420643d43f18",
                "sha256:eb3a7b58240fb99099a345571deecc0f9540ea5f4dd2fe14c2a99d6b281ab92d"
            ],
            "markers": "python_version >= '3.6'",
            "version": "==0.8.4"
        },
        "pexpect": {
            "hashes": [
                "sha256:7236d1e080e4936be2dc3e326cec0af72acf9212a7e1d060210e70a47e253523",
                "sha256:ee7d41123f3c9911050ea2c2dac107568dc43b2d3b0c7557a33212c398ead30f"
            ],
            "markers": "sys_platform != 'win32' and sys_platform != 'emscripten'",
            "version": "==4.9.0"
        },
        "prompt-toolkit": {
            "hashes": [
                "sha256:52742911fde84e2d423e2f9a4cf1de7d7ac4e51958f648d9540e0fb8db077b07",
                "sha256:931a162e3b27fc90c86f1b48bb1fb2c528c2761475e57c9c06de13311c7b54ed"
            ],
            "markers": "python_version >= '3.8'",
            "version": "==3.0.51"
        },
        "ptyprocess": {
            "hashes": [
                "sha256:4b41f3967fce3af57cc7e94b888626c18bf37a083e3651ca8feeb66d492fef35",
                "sha256:5c5d0a3b48ceee0b48485e0c26037c0acd7d29765ca3fbb5cb3831d347423220"
            ],
            "version": "==0.7.0"
        },
        "pure-eval": {
            "hashes": [
                "sha256:1db8e35b67b3d218d818ae653e27f06c3aa420901fa7b081ca98cbedc874e0d0",
                "sha256:5f4e983f40564c576c7c8635ae88db5956bb2229d7e9237d03b3c0b0190eaf42"
            ],
            "version": "==0.2.3"
        },
        "pygments": {
            "hashes": [
                "sha256:61c16d2a8576dc0649d9f39e089b5f02bcd27fba10d8fb4dcc28173f7a45151f",
                "sha256:9ea1544ad55cecf4b8242fab6dd35a93bbce657034b0611ee383099054ab6d8c"
            ],
            "markers": "python_version >= '3.8'",
            "version": "==2.19.1"
        },
        "setuptools": {
            "hashes": [
                "sha256:49f7af965996f26d43c8ae34539c8d99c5042fbff34302ea151eaa9c207cd257",
                "sha256:95a60484590d24103af13b686121328cc2736bee85de8936383111e421b9edc0"
            ],
            "markers": "python_version >= '3.9'",
            "version": "==80.8.0"
        },
        "sqlalchemy": {
            "hashes": [
                "sha256:02d2ecb9508f16ab9c5af466dfe5a88e26adf2e1a8d1c56eb616396ccae2c186",
                "sha256:0b76bbb1cbae618d10679be8966f6d66c94f301cfc15cb49e2f2382563fb6efb",
                "sha256:0de620f978ca273ce027769dc8db7e6ee72631796187adc8471b3c76091b809e",
                "sha256:1183599e25fa38a1a322294b949da02b4f0da13dbc2688ef9dbe746df573f8a6",
                "sha256:12bc0141b245918b80d9d17eca94663dbd3f5266ac77a0be60750f36102bbb0f",
                "sha256:1390ca2d301a2708fd4425c6d75528d22f26b8f5cbc9faba1ddca136671432bc",
                "sha256:13e91d6892b5fcb94a36ba061fb7a1f03d0185ed9d8a77c84ba389e5bb05e936",
                "sha256:14b3f4783275339170984cadda66e3ec011cce87b405968dc8d51cf0f9997b0d",
                "sha256:1576fba3616f79496e2f067262200dbf4aab1bb727cd7e4e006076686413c80c",
                "sha256:1990d5a6a5dc358a0894c8ca02043fb9a5ad9538422001fb2826e91c50f1d539",
                "sha256:1d83cd1cc03c22d922ec94d0d5f7b7c96b1332f5e122e81b1a61fb22da77879a",
                "sha256:1e8c1b9ecaf9f2590337d5622189aeb2f0dbc54ba0232fa0856cf390957584a9",
                "sha256:26e78444bc77d089e62874dc74df05a5c71f01ac598010a327881a48408d0064",
                "sha256:2b37931eac4b837c45e2522066bda221ac6d80e78922fb77c75eb12e4dbcdee5",
                "sha256:3112de9e11ff1957148c6de1df2bc5cc1440ee36783412e5eedc6f53638a577d",
                "sha256:394b0135900b62dbf63e4809cdc8ac923182af2816d06ea61cd6763943c2cc05",
                "sha256:3f01c2629a7d6b30d8afe0326b8c649b74825a0e1ebdcb01e8ffd1c920deb07d",
                "sha256:41cffc63c7c83dfc30c4cab5b4308ba74440a9633c4509c51a0c52431fb0f8ab",
                "sha256:4470fbed088c35dc20b78a39aaf4ae54fe81790c783b3264872a0224f437c31a",
                "sha256:5ed3576675c187e3baa80b02c4c9d0edfab78eff4e89dd9da736b921333a2432",
                "sha256:6b24364150738ce488333b3fb48bfa14c189a66de41cd632796fbcacb26b4585",
                "sha256:6da60fb24577f989535b8fc8b2ddc4212204aaf02e53c4c7ac94ac364150ed08",
                "sha256:76c2ba7b5a09863d0a8166fbc753af96d561818c572dbaf697c52095938e7be4",
                "sha256:954816850777ac234a4e32b8c88ac1f7847088a6e90cfb8f0e127a1bf3feddff",
                "sha256:9c24dd161c06992ed16c5e528a75878edbaeced5660c3db88c820f1f0d3fe1f4",
                "sha256:a01bc25eb7a5688656c8770f931d5cb4a44c7de1b3cec69b84cc9745d1e4cc10",
                "sha256:a19f816f4702d7b1951d7576026c7124b9bfb64a9543e571774cf517b7a50b29",
                "sha256:a41611835010ed4ea4c7aed1da5b58aac78ee7e70932a91ed2705a7b38e40f52",
                "sha256:a49730afb716f3f675755afec109895cab95bc9875db7ffe2e42c1b1c6279482",
                "sha256:a86b0e4be775902a5496af4fb1b60d8a2a457d78f531458d294360b8637bb014",
                "sha256:a8a72259a1652f192c68377be7011eac3c463e9892ef2948828c7d58e4829988",
                "sha256:af00236fe21c4d4f4c227b6ccc19b44c594160cc3ff28d104cdce85855369277",
                "sha256:b05e0626ec1c391432eabb47a8abd3bf199fb74bfde7cc44a26d2b1b352c2c6e",
                "sha256:b5933c45d11cbd9694b1540aa9076816cc7406964c7b16a380fd84d3a5fe3241",
                "sha256:b5e0d47d619c739bdc636bbe007da4519fc953393304a5943e0b5aec96c9877c",
                "sha256:b67589f7955924865344e6eacfdcf70675e64f36800a576aa5e961f0008cde2a",
                "sha256:c5a2530400a6e7e68fd1552a55515de6a4559122e495f73554a51cedafc11669",
                "sha256:cafe0ba3a96d0845121433cffa2b9232844a2609fce694fcc02f3f31214ece28",
                "sha256:cdb2886c0be2c6c54d0651d5a61c29ef347e8eec81fd83afebbf7b59b80b7393",
                "sha256:d0cf7076c8578b3de4e43a046cc7a1af8466e1c3f5e64167189fe8958a4f9c02",
                "sha256:f1e1b92ee4ee9ffc68624ace218b89ca5ca667607ccee4541a90cc44999b9aea",
                "sha256:f941aaf15f47f316123e1933f9ea91a6efda73a161a6ab6046d1cde37be62c88",
                "sha256:fb59a11689ff3c58e7652260127f9e34f7f45478a2f3ef831ab6db7bcd72108f",
                "sha256:fc9ffd9a38e21fad3e8c5a88926d57f94a32546e937e0be46142b2702003eba7"
            ],
            "index": "pypi",
            "markers": "python_version >= '2.7' and python_version not in '3.0, 3.1, 3.2, 3.3, 3.4, 3.5'",
            "version": "==1.4.54"
        },
        "stack-data": {
            "hashes": [
                "sha256:836a778de4fec4dcd1dcd89ed8abff8a221f58308462e1c4aa2a3cf30148f0b9",
                "sha256:d5558e0c25a4cb0853cddad3d77da9891a08cb85dd9f9f91b9f8cd66e511e695"
            ],
            "version": "==0.6.3"
        },
        "toml": {
            "hashes": [
                "sha256:806143ae5bfb6a3c6e736a764057db0e6a0e05e338b5630894a5f779cabb4f9b",
                "sha256:b3bda1d108d5dd99f4a20d24d9c348e91c4db7ab1b749200bded2f839ccbe68f"
            ],
            "markers": "python_version >= '3.7'",
            "version": "==0.10.2"
        },
        "traitlets": {
            "hashes": [
                "sha256:9ed0579d3502c94b4b3732ac120375cda96f923114522847de4b3bb98b96b6b7",
                "sha256:b74e89e397b1ed28cc831db7aea759ba6640cb3de13090ca145426688ff1ac4f"
            ],
            "markers": "python_version >= '3.8'",
            "version": "==5.14.3"
        },
        "wcwidth": {
            "hashes": [
                "sha256:3da69048e4540d84af32131829ff948f1e022c1c6bdb8d6102117aac784f6859",
                "sha256:72ea0c06399eb286d978fdedb6923a9eb47e1c486ce63e9b4e64fc18303972b5"
            ],
            "version": "==0.2.13"
        },
        "zipp": {
            "hashes": [
                "sha256:2c9958f6430a2040341a52eb608ed6dd93ef4392e02ffe219417c1b28b5dd1f4",
                "sha256:ac1bbe05fd2991f160ebce24ffbac5f6d11d83dc90891255885223d42b3cd931"
            ],
            "markers": "python_version >= '3.9'",
            "version": "==3.21.0"
        }
    },
    "develop": {}
}
